
Microsoft Visual Studio Solution File, Format Version 12.00
# Visual Studio Version 17
VisualStudioVersion = 17.14.36414.22 d17.14
MinimumVisualStudioVersion = 10.0.40219.1
Project("{FAE04EC0-301F-11D3-BF4B-00C04F79EFBC}") = "TestProject2", "TestProject2.csproj", "{B347B169-40C9-4887-9182-FB3393F5982F}"
	ProjectSection(ProjectDependencies) = postProject
		{C791044C-BE2F-41DA-ADCC-B868D34C3820} = {C791044C-BE2F-41DA-ADCC-B868D34C3820}
	EndProjectSection
EndProject
Project("{FAE04EC0-301F-11D3-BF4B-00C04F79EFBC}") = "ClassLibrary1", "..\ClassLibrary1\ClassLibrary1.csproj", "{C791044C-BE2F-41DA-ADCC-B868D34C3820}"
EndProject
Global
	GlobalSection(SolutionConfigurationPlatforms) = preSolution
		Debug|Any CPU = Debug|Any CPU
		Release|Any CPU = Release|Any CPU
	EndGlobalSection
	GlobalSection(ProjectConfigurationPlatforms) = postSolution
		{B347B169-40C9-4887-9182-FB3393F5982F}.Debug|Any CPU.ActiveCfg = Debug|Any CPU
		{B347B169-40C9-4887-9182-FB3393F5982F}.Debug|Any CPU.Build.0 = Debug|Any CPU
		{B347B169-40C9-4887-9182-FB3393F5982F}.Release|Any CPU.ActiveCfg = Release|Any CPU
		{B347B169-40C9-4887-9182-FB3393F5982F}.Release|Any CPU.Build.0 = Release|Any CPU
		{C791044C-BE2F-41DA-ADCC-B868D34C3820}.Debug|Any CPU.ActiveCfg = Debug|Any CPU
		{C791044C-BE2F-41DA-ADCC-B868D34C3820}.Debug|Any CPU.Build.0 = Debug|Any CPU
		{C791044C-BE2F-41DA-ADCC-B868D34C3820}.Release|Any CPU.ActiveCfg = Release|Any CPU
		{C791044C-BE2F-41DA-ADCC-B868D34C3820}.Release|Any CPU.Build.0 = Release|Any CPU
	EndGlobalSection
	GlobalSection(SolutionProperties) = preSolution
		HideSolutionNode = FALSE
	EndGlobalSection
	GlobalSection(ExtensibilityGlobals) = postSolution
		SolutionGuid = {FBEFD47C-6C26-49AA-AD02-EBE384F25806}
	EndGlobalSection
EndGlobal
